
Microsoft Visual Studio Solution File, Format Version 12.00
# Visual Studio Version 16
VisualStudioVersion = 16.0.31410.357
MinimumVisualStudioVersion = 10.0.40219.1
Project("{FAE04EC0-301F-11D3-BF4B-00C04F79EFBC}") = "RestaurantRater", "RestaurantRater\RestaurantRater.csproj", "{89BDC522-8A7E-45E2-A053-846724C11772}"
EndProject
Global
	GlobalSection(SolutionConfigurationPlatforms) = preSolution
		Debug|Any CPU = Debug|Any CPU
		Release|Any CPU = Release|Any CPU
	EndGlobalSection
	GlobalSection(ProjectConfigurationPlatforms) = postSolution
		{89BDC522-8A7E-45E2-A053-846724C11772}.Debug|Any CPU.ActiveCfg = Debug|Any CPU
		{89BDC522-8A7E-45E2-A053-846724C11772}.Debug|Any CPU.Build.0 = Debug|Any CPU
		{89BDC522-8A7E-45E2-A053-846724C11772}.Release|Any CPU.ActiveCfg = Release|Any CPU
		{89BDC522-8A7E-45E2-A053-846724C11772}.Release|Any CPU.Build.0 = Release|Any CPU
	EndGlobalSection
	GlobalSection(SolutionProperties) = preSolution
		HideSolutionNode = FALSE
	EndGlobalSection
	GlobalSection(ExtensibilityGlobals) = postSolution
		SolutionGuid = {2C16991C-BD2C-4BE4-8C4E-E2ABBCABF5BA}
	EndGlobalSection
EndGlobal
